
Microsoft Visual Studio Solution File, Format Version 12.00
# Visual Studio Version 17
VisualStudioVersion = 17.9.34723.18
MinimumVisualStudioVersion = 10.0.40219.1
Project("{FAE04EC0-301F-11D3-BF4B-00C04F79EFBC}") = "ClassLibrary", "ClassLibrary\ClassLibrary.csproj", "{C2201795-CC78-4F94-A30C-8917ED7651C4}"
EndProject
Project("{FAE04EC0-301F-11D3-BF4B-00C04F79EFBC}") = "SO-USApi", "SO-USApi\SO-USApi.csproj", "{2BC6F7CF-A64E-4F9C-B51D-6BE44E72670D}"
EndProject
Global
	GlobalSection(SolutionConfigurationPlatforms) = preSolution
		Debug|Any CPU = Debug|Any CPU
		Release|Any CPU = Release|Any CPU
	EndGlobalSection
	GlobalSection(ProjectConfigurationPlatforms) = postSolution
		{C2201795-CC78-4F94-A30C-8917ED7651C4}.Debug|Any CPU.ActiveCfg = Debug|Any CPU
		{C2201795-CC78-4F94-A30C-8917ED7651C4}.Debug|Any CPU.Build.0 = Debug|Any CPU
		{C2201795-CC78-4F94-A30C-8917ED7651C4}.Release|Any CPU.ActiveCfg = Release|Any CPU
		{C2201795-CC78-4F94-A30C-8917ED7651C4}.Release|Any CPU.Build.0 = Release|Any CPU
		{2BC6F7CF-A64E-4F9C-B51D-6BE44E72670D}.Debug|Any CPU.ActiveCfg = Debug|Any CPU
		{2BC6F7CF-A64E-4F9C-B51D-6BE44E72670D}.Debug|Any CPU.Build.0 = Debug|Any CPU
		{2BC6F7CF-A64E-4F9C-B51D-6BE44E72670D}.Release|Any CPU.ActiveCfg = Release|Any CPU
		{2BC6F7CF-A64E-4F9C-B51D-6BE44E72670D}.Release|Any CPU.Build.0 = Release|Any CPU
	EndGlobalSection
	GlobalSection(SolutionProperties) = preSolution
		HideSolutionNode = FALSE
	EndGlobalSection
	GlobalSection(ExtensibilityGlobals) = postSolution
		SolutionGuid = {A9F51124-76B4-40F2-910E-0F316A5E578E}
	EndGlobalSection
EndGlobal
